
Microsoft Visual Studio Solution File, Format Version 12.00
# Visual Studio Version 16
VisualStudioVersion = 16.0.29509.3
MinimumVisualStudioVersion = 10.0.40219.1
Project("{FAE04EC0-301F-11D3-BF4B-00C04F79EFBC}") = "RemoteSignatureApp", "RemoteSignatureApp\RemoteSignatureApp.csproj", "{CDA9091D-7091-4BB8-B8D4-71D241F20A94}"
EndProject
Global
	GlobalSection(SolutionConfigurationPlatforms) = preSolution
		Debug|Any CPU = Debug|Any CPU
		Release|Any CPU = Release|Any CPU
	EndGlobalSection
	GlobalSection(ProjectConfigurationPlatforms) = postSolution
		{CDA9091D-7091-4BB8-B8D4-71D241F20A94}.Debug|Any CPU.ActiveCfg = Debug|Any CPU
		{CDA9091D-7091-4BB8-B8D4-71D241F20A94}.Debug|Any CPU.Build.0 = Debug|Any CPU
		{CDA9091D-7091-4BB8-B8D4-71D241F20A94}.Release|Any CPU.ActiveCfg = Release|Any CPU
		{CDA9091D-7091-4BB8-B8D4-71D241F20A94}.Release|Any CPU.Build.0 = Release|Any CPU
	EndGlobalSection
	GlobalSection(SolutionProperties) = preSolution
		HideSolutionNode = FALSE
	EndGlobalSection
	GlobalSection(ExtensibilityGlobals) = postSolution
		SolutionGuid = {FF617C82-78C3-417B-9F53-9445B3769C9A}
	EndGlobalSection
EndGlobal
